// !$*UTF8*$!
{
	archiveVersion = 1;
	classes = {
	};
	objectVersion = 50;
	objects = {

/* Begin PBXBuildFile section */
		B066971A264956B800977023 /* AppDelegate.swift in Sources */ = {isa = PBXBuildFile; fileRef = B0669719264956B800977023 /* AppDelegate.swift */; };
		B066971C264956B800977023 /* SceneDelegate.swift in Sources */ = {isa = PBXBuildFile; fileRef = B066971B264956B800977023 /* SceneDelegate.swift */; };
		B066971E264956B800977023 /* ViewController.swift in Sources */ = {isa = PBXBuildFile; fileRef = B066971D264956B800977023 /* ViewController.swift */; };
		B0669721264956B800977023 /* Main.storyboard in Resources */ = {isa = PBXBuildFile; fileRef = B066971F264956B800977023 /* Main.storyboard */; };
		B0669724264956B800977023 /* SongDetailApp.xcdatamodeld in Sources */ = {isa = PBXBuildFile; fileRef = B0669722264956B800977023 /* SongDetailApp.xcdatamodeld */; };
		B0669726264956BD00977023 /* Assets.xcassets in Resources */ = {isa = PBXBuildFile; fileRef = B0669725264956BD00977023 /* Assets.xcassets */; };
		B0669729264956BD00977023 /* LaunchScreen.storyboard in Resources */ = {isa = PBXBuildFile; fileRef = B0669727264956BD00977023 /* LaunchScreen.storyboard */; };
		B066973926495D8D00977023 /* DetailTableViewController.swift in Sources */ = {isa = PBXBuildFile; fileRef = B066973826495D8D00977023 /* DetailTableViewController.swift */; };
		B066974A2649622800977023 /* FirstTableViewCell.swift in Sources */ = {isa = PBXBuildFile; fileRef = B06697492649622800977023 /* FirstTableViewCell.swift */; };
		B066974E2649655600977023 /* Struct.swift in Sources */ = {isa = PBXBuildFile; fileRef = B066974D2649655600977023 /* Struct.swift */; };
		B0C638A726553441002421C1 /* firstPage.png in Resources */ = {isa = PBXBuildFile; fileRef = B0C638A626553441002421C1 /* firstPage.png */; };
		B0C638AA26553449002421C1 /* second.png in Resources */ = {isa = PBXBuildFile; fileRef = B0C638A926553449002421C1 /* second.png */; };
		B4AD312821A1FACBB82A7FF0 /* libPods-SongDetailApp.a in Frameworks */ = {isa = PBXBuildFile; fileRef = E18E2D7FD46A780D867B5FFA /* libPods-SongDetailApp.a */; };
/* End PBXBuildFile section */

/* Begin PBXFileReference section */
		968D047F67AF460946596B1C /* Pods-SongDetailApp.debug.xcconfig */ = {isa = PBXFileReference; includeInIndex = 1; lastKnownFileType = text.xcconfig; name = "Pods-SongDetailApp.debug.xcconfig"; path = "Target Support Files/Pods-SongDetailApp/Pods-SongDetailApp.debug.xcconfig"; sourceTree = "<group>"; };
		A91379F219B8B540271F36E6 /* Pods-SongDetailApp.release.xcconfig */ = {isa = PBXFileReference; includeInIndex = 1; lastKnownFileType = text.xcconfig; name = "Pods-SongDetailApp.release.xcconfig"; path = "Target Support Files/Pods-SongDetailApp/Pods-SongDetailApp.release.xcconfig"; sourceTree = "<group>"; };
		B0669716264956B800977023 /* SongDetailApp.app */ = {isa = PBXFileReference; explicitFileType = wrapper.application; includeInIndex = 0; path = SongDetailApp.app; sourceTree = BUILT_PRODUCTS_DIR; };
		B0669719264956B800977023 /* AppDelegate.swift */ = {isa = PBXFileReference; lastKnownFileType = sourcecode.swift; path = AppDelegate.swift; sourceTree = "<group>"; };
		B066971B264956B800977023 /* SceneDelegate.swift */ = {isa = PBXFileReference; lastKnownFileType = sourcecode.swift; path = SceneDelegate.swift; sourceTree = "<group>"; };
		B066971D264956B800977023 /* ViewController.swift */ = {isa = PBXFileReference; lastKnownFileType = sourcecode.swift; path = ViewController.swift; sourceTree = "<group>"; };
		B0669720264956B800977023 /* Base */ = {isa = PBXFileReference; lastKnownFileType = file.storyboard; name = Base; path = Base.lproj/Main.storyboard; sourceTree = "<group>"; };
		B0669723264956B800977023 /* SongDetailApp.xcdatamodel */ = {isa = PBXFileReference; lastKnownFileType = wrapper.xcdatamodel; path = SongDetailApp.xcdatamodel; sourceTree = "<group>"; };
		B0669725264956BD00977023 /* Assets.xcassets */ = {isa = PBXFileReference; lastKnownFileType = folder.assetcatalog; path = Assets.xcassets; sourceTree = "<group>"; };
		B0669728264956BD00977023 /* Base */ = {isa = PBXFileReference; lastKnownFileType = file.storyboard; name = Base; path = Base.lproj/LaunchScreen.storyboard; sourceTree = "<group>"; };
		B066972A264956BD00977023 /* Info.plist */ = {isa = PBXFileReference; lastKnownFileType = text.plist.xml; path = Info.plist; sourceTree = "<group>"; };
		B066973826495D8D00977023 /* DetailTableViewController.swift */ = {isa = PBXFileReference; lastKnownFileType = sourcecode.swift; path = DetailTableViewController.swift; sourceTree = "<group>"; };
		B06697492649622800977023 /* FirstTableViewCell.swift */ = {isa = PBXFileReference; lastKnownFileType = sourcecode.swift; path = FirstTableViewCell.swift; sourceTree = "<group>"; };
		B066974D2649655600977023 /* Struct.swift */ = {isa = PBXFileReference; lastKnownFileType = sourcecode.swift; path = Struct.swift; sourceTree = "<group>"; };
		B0C638A626553441002421C1 /* firstPage.png */ = {isa = PBXFileReference; lastKnownFileType = image.png; path = firstPage.png; sourceTree = "<group>"; };
		B0C638A926553449002421C1 /* second.png */ = {isa = PBXFileReference; lastKnownFileType = image.png; path = second.png; sourceTree = "<group>"; };
		E18E2D7FD46A780D867B5FFA /* libPods-SongDetailApp.a */ = {isa = PBXFileReference; explicitFileType = archive.ar; includeInIndex = 0; path = "libPods-SongDetailApp.a"; sourceTree = BUILT_PRODUCTS_DIR; };
/* End PBXFileReference section */

/* Begin PBXFrameworksBuildPhase section */
		B0669713264956B800977023 /* Frameworks */ = {
			isa = PBXFrameworksBuildPhase;
			buildActionMask = 2147483647;
			files = (
				B4AD312821A1FACBB82A7FF0 /* libPods-SongDetailApp.a in Frameworks */,
			);
			runOnlyForDeploymentPostprocessing = 0;
		};
/* End PBXFrameworksBuildPhase section */

/* Begin PBXGroup section */
		B01C11AB2649E2BF00B4B5FC /* view */ = {
			isa = PBXGroup;
			children = (
				B06697492649622800977023 /* FirstTableViewCell.swift */,
			);
			path = view;
			sourceTree = "<group>";
		};
		B01C11AC2649E2CF00B4B5FC /* Model */ = {
			isa = PBXGroup;
			children = (
				B066974D2649655600977023 /* Struct.swift */,
			);
			path = Model;
			sourceTree = "<group>";
		};
		B01C11AD2649E2E000B4B5FC /* controller */ = {
			isa = PBXGroup;
			children = (
				B066971D264956B800977023 /* ViewController.swift */,
				B066973826495D8D00977023 /* DetailTableViewController.swift */,
			);
			path = controller;
			sourceTree = "<group>";
		};
		B066970D264956B800977023 = {
			isa = PBXGroup;
			children = (
				B0669718264956B800977023 /* SongDetailApp */,
				B0669717264956B800977023 /* Products */,
				B492EC503450980E3285F62E /* Pods */,
				FCC0B20A58BC682F172F4AB6 /* Frameworks */,
			);
			sourceTree = "<group>";
		};
		B0669717264956B800977023 /* Products */ = {
			isa = PBXGroup;
			children = (
				B0669716264956B800977023 /* SongDetailApp.app */,
			);
			name = Products;
			sourceTree = "<group>";
		};
		B0669718264956B800977023 /* SongDetailApp */ = {
			isa = PBXGroup;
			children = (
				B0669719264956B800977023 /* AppDelegate.swift */,
				B066971B264956B800977023 /* SceneDelegate.swift */,
				B01C11AC2649E2CF00B4B5FC /* Model */,
				B01C11AB2649E2BF00B4B5FC /* view */,
				B01C11AD2649E2E000B4B5FC /* controller */,
				B0C638A526553428002421C1 /* images */,
				B066971F264956B800977023 /* Main.storyboard */,
				B0669725264956BD00977023 /* Assets.xcassets */,
				B0669727264956BD00977023 /* LaunchScreen.storyboard */,
				B066972A264956BD00977023 /* Info.plist */,
				B0669722264956B800977023 /* SongDetailApp.xcdatamodeld */,
			);
			path = SongDetailApp;
			sourceTree = "<group>";
		};
		B0C638A526553428002421C1 /* images */ = {
			isa = PBXGroup;
			children = (
				B0C638A626553441002421C1 /* firstPage.png */,
				B0C638A926553449002421C1 /* second.png */,
			);
			path = images;
			sourceTree = "<group>";
		};
		B492EC503450980E3285F62E /* Pods */ = {
			isa = PBXGroup;
			children = (
				968D047F67AF460946596B1C /* Pods-SongDetailApp.debug.xcconfig */,
				A91379F219B8B540271F36E6 /* Pods-SongDetailApp.release.xcconfig */,
			);
			path = Pods;
			sourceTree = "<group>";
		};
		FCC0B20A58BC682F172F4AB6 /* Frameworks */ = {
			isa = PBXGroup;
			children = (
				E18E2D7FD46A780D867B5FFA /* libPods-SongDetailApp.a */,
			);
			name = Frameworks;
			sourceTree = "<group>";
		};
/* End PBXGroup section */

/* Begin PBXNativeTarget section */
		B0669715264956B800977023 /* SongDetailApp */ = {
			isa = PBXNativeTarget;
			buildConfigurationList = B066972D264956BD00977023 /* Build configuration list for PBXNativeTarget "SongDetailApp" */;
			buildPhases = (
				4AB162432C7D0844A59B21A4 /* [CP] Check Pods Manifest.lock */,
				B0669712264956B800977023 /* Sources */,
				B0669713264956B800977023 /* Frameworks */,
				B0669714264956B800977023 /* Resources */,
			);
			buildRules = (
			);
			dependencies = (
			);
			name = SongDetailApp;
			productName = SongDetailApp;
			productReference = B0669716264956B800977023 /* SongDetailApp.app */;
			productType = "com.apple.product-type.application";
		};
/* End PBXNativeTarget section */

/* Begin PBXProject section */
		B066970E264956B800977023 /* Project object */ = {
			isa = PBXProject;
			attributes = {
				LastSwiftUpdateCheck = 1220;
				LastUpgradeCheck = 1220;
				TargetAttributes = {
					B0669715264956B800977023 = {
						CreatedOnToolsVersion = 12.2;
					};
				};
			};
			buildConfigurationList = B0669711264956B800977023 /* Build configuration list for PBXProject "SongDetailApp" */;
			compatibilityVersion = "Xcode 9.3";
			developmentRegion = en;
			hasScannedForEncodings = 0;
			knownRegions = (
				en,
				Base,
			);
			mainGroup = B066970D264956B800977023;
			productRefGroup = B0669717264956B800977023 /* Products */;
			projectDirPath = "";
			projectRoot = "";
			targets = (
				B0669715264956B800977023 /* SongDetailApp */,
			);
		};
/* End PBXProject section */

/* Begin PBXResourcesBuildPhase section */
		B0669714264956B800977023 /* Resources */ = {
			isa = PBXResourcesBuildPhase;
			buildActionMask = 2147483647;
			files = (
				B0669729264956BD00977023 /* LaunchScreen.storyboard in Resources */,
				B0C638A726553441002421C1 /* firstPage.png in Resources */,
				B0669726264956BD00977023 /* Assets.xcassets in Resources */,
				B0669721264956B800977023 /* Main.storyboard in Resources */,
				B0C638AA26553449002421C1 /* second.png in Resources */,
			);
			runOnlyForDeploymentPostprocessing = 0;
		};
/* End PBXResourcesBuildPhase section */

/* Begin PBXShellScriptBuildPhase section */
		4AB162432C7D0844A59B21A4 /* [CP] Check Pods Manifest.lock */ = {
			isa = PBXShellScriptBuildPhase;
			buildActionMask = 2147483647;
			files = (
			);
			inputFileListPaths = (
			);
			inputPaths = (
				"${PODS_PODFILE_DIR_PATH}/Podfile.lock",
				"${PODS_ROOT}/Manifest.lock",
			);
			name = "[CP] Check Pods Manifest.lock";
			outputFileListPaths = (
			);
			outputPaths = (
				"$(DERIVED_FILE_DIR)/Pods-SongDetailApp-checkManifestLockResult.txt",
			);
			runOnlyForDeploymentPostprocessing = 0;
			shellPath = /bin/sh;
			shellScript = "diff \"${PODS_PODFILE_DIR_PATH}/Podfile.lock\" \"${PODS_ROOT}/Manifest.lock\" > /dev/null\nif [ $? != 0 ] ; then\n    # print error to STDERR\n    echo \"error: The sandbox is not in sync with the Podfile.lock. Run 'pod install' or update your CocoaPods installation.\" >&2\n    exit 1\nfi\n# This output is used by Xcode 'outputs' to avoid re-running this script phase.\necho \"SUCCESS\" > \"${SCRIPT_OUTPUT_FILE_0}\"\n";
			showEnvVarsInLog = 0;
		};
/* End PBXShellScriptBuildPhase section */

/* Begin PBXSourcesBuildPhase section */
		B0669712264956B800977023 /* Sources */ = {
			isa = PBXSourcesBuildPhase;
			buildActionMask = 2147483647;
			files = (
				B066974A2649622800977023 /* FirstTableViewCell.swift in Sources */,
				B066971E264956B800977023 /* ViewController.swift in Sources */,
				B066973926495D8D00977023 /* DetailTableViewController.swift in Sources */,
				B0669724264956B800977023 /* SongDetailApp.xcdatamodeld in Sources */,
				B066971A264956B800977023 /* AppDelegate.swift in Sources */,
				B066974E2649655600977023 /* Struct.swift in Sources */,
				B066971C264956B800977023 /* SceneDelegate.swift in Sources */,
			);
			runOnlyForDeploymentPostprocessing = 0;
		};
/* End PBXSourcesBuildPhase section */

/* Begin PBXVariantGroup section */
		B066971F264956B800977023 /* Main.storyboard */ = {
			isa = PBXVariantGroup;
			children = (
				B0669720264956B800977023 /* Base */,
			);
			name = Main.storyboard;
			sourceTree = "<group>";
		};
		B0669727264956BD00977023 /* LaunchScreen.storyboard */ = {
			isa = PBXVariantGroup;
			children = (
				B0669728264956BD00977023 /* Base */,
			);
			name = LaunchScreen.storyboard;
			sourceTree = "<group>";
		};
/* End PBXVariantGroup section */

/* Begin XCBuildConfiguration section */
		B066972B264956BD00977023 /* Debug */ = {
			isa = XCBuildConfiguration;
			buildSettings = {
				ALWAYS_SEARCH_USER_PATHS = NO;
				CLANG_ANALYZER_NONNULL = YES;
				CLANG_ANALYZER_NUMBER_OBJECT_CONVERSION = YES_AGGRESSIVE;
				CLANG_CXX_LANGUAGE_STANDARD = "gnu++14";
				CLANG_CXX_LIBRARY = "libc++";
				CLANG_ENABLE_MODULES = YES;
				CLANG_ENABLE_OBJC_ARC = YES;
				CLANG_ENABLE_OBJC_WEAK = YES;
				CLANG_WARN_BLOCK_CAPTURE_AUTORELEASING = YES;
				CLANG_WARN_BOOL_CONVERSION = YES;
				CLANG_WARN_COMMA = YES;
				CLANG_WARN_CONSTANT_CONVERSION = YES;
				CLANG_WARN_DEPRECATED_OBJC_IMPLEMENTATIONS = YES;
				CLANG_WARN_DIRECT_OBJC_ISA_USAGE = YES_ERROR;
				CLANG_WARN_DOCUMENTATION_COMMENTS = YES;
				CLANG_WARN_EMPTY_BODY = YES;
				CLANG_WARN_ENUM_CONVERSION = YES;
				CLANG_WARN_INFINITE_RECURSION = YES;
				CLANG_WARN_INT_CONVERSION = YES;
				CLANG_WARN_NON_LITERAL_NULL_CONVERSION = YES;
				CLANG_WARN_OBJC_IMPLICIT_RETAIN_SELF = YES;
				CLANG_WARN_OBJC_LITERAL_CONVERSION = YES;
				CLANG_WARN_OBJC_ROOT_CLASS = YES_ERROR;
				CLANG_WARN_QUOTED_INCLUDE_IN_FRAMEWORK_HEADER = YES;
				CLANG_WARN_RANGE_LOOP_ANALYSIS = YES;
				CLANG_WARN_STRICT_PROTOTYPES = YES;
				CLANG_WARN_SUSPICIOUS_MOVE = YES;
				CLANG_WARN_UNGUARDED_AVAILABILITY = YES_AGGRESSIVE;
				CLANG_WARN_UNREACHABLE_CODE = YES;
				CLANG_WARN__DUPLICATE_METHOD_MATCH = YES;
				COPY_PHASE_STRIP = NO;
				DEBUG_INFORMATION_FORMAT = dwarf;
				ENABLE_STRICT_OBJC_MSGSEND = YES;
				ENABLE_TESTABILITY = YES;
				GCC_C_LANGUAGE_STANDARD = gnu11;
				GCC_DYNAMIC_NO_PIC = NO;
				GCC_NO_COMMON_BLOCKS = YES;
				GCC_OPTIMIZATION_LEVEL = 0;
				GCC_PREPROCESSOR_DEFINITIONS = (
					"DEBUG=1",
					"$(inherited)",
				);
				GCC_WARN_64_TO_32_BIT_CONVERSION = YES;
				GCC_WARN_ABOUT_RETURN_TYPE = YES_ERROR;
				GCC_WARN_UNDECLARED_SELECTOR = YES;
				GCC_WARN_UNINITIALIZED_AUTOS = YES_AGGRESSIVE;
				GCC_WARN_UNUSED_FUNCTION = YES;
				GCC_WARN_UNUSED_VARIABLE = YES;
				IPHONEOS_DEPLOYMENT_TARGET = 14.2;
				MTL_ENABLE_DEBUG_INFO = INCLUDE_SOURCE;
				MTL_FAST_MATH = YES;
				ONLY_ACTIVE_ARCH = YES;
				SDKROOT = iphoneos;
				SWIFT_ACTIVE_COMPILATION_CONDITIONS = DEBUG;
				SWIFT_OPTIMIZATION_LEVEL = "-Onone";
			};
			name = Debug;
		};
		B066972C264956BD00977023 /* Release */ = {
			isa = XCBuildConfiguration;
			buildSettings = {
				ALWAYS_SEARCH_USER_PATHS = NO;
				CLANG_ANALYZER_NONNULL = YES;
				CLANG_ANALYZER_NUMBER_OBJECT_CONVERSION = YES_AGGRESSIVE;
				CLANG_CXX_LANGUAGE_STANDARD = "gnu++14";
				CLANG_CXX_LIBRARY = "libc++";
				CLANG_ENABLE_MODULES = YES;
				CLANG_ENABLE_OBJC_ARC = YES;
				CLANG_ENABLE_OBJC_WEAK = YES;
				CLANG_WARN_BLOCK_CAPTURE_AUTORELEASING = YES;
				CLANG_WARN_BOOL_CONVERSION = YES;
				CLANG_WARN_COMMA = YES;
				CLANG_WARN_CONSTANT_CONVERSION = YES;
				CLANG_WARN_DEPRECATED_OBJC_IMPLEMENTATIONS = YES;
				CLANG_WARN_DIRECT_OBJC_ISA_USAGE = YES_ERROR;
				CLANG_WARN_DOCUMENTATION_COMMENTS = YES;
				CLANG_WARN_EMPTY_BODY = YES;
				CLANG_WARN_ENUM_CONVERSION = YES;
				CLANG_WARN_INFINITE_RECURSION = YES;
				CLANG_WARN_INT_CONVERSION = YES;
				CLANG_WARN_NON_LITERAL_NULL_CONVERSION = YES;
				CLANG_WARN_OBJC_IMPLICIT_RETAIN_SELF = YES;
				CLANG_WARN_OBJC_LITERAL_CONVERSION = YES;
				CLANG_WARN_OBJC_ROOT_CLASS = YES_ERROR;
				CLANG_WARN_QUOTED_INCLUDE_IN_FRAMEWORK_HEADER = YES;
				CLANG_WARN_RANGE_LOOP_ANALYSIS = YES;
				CLANG_WARN_STRICT_PROTOTYPES = YES;
				CLANG_WARN_SUSPICIOUS_MOVE = YES;
				CLANG_WARN_UNGUARDED_AVAILABILITY = YES_AGGRESSIVE;
				CLANG_WARN_UNREACHABLE_CODE = YES;
				CLANG_WARN__DUPLICATE_METHOD_MATCH = YES;
				COPY_PHASE_STRIP = NO;
				DEBUG_INFORMATION_FORMAT = "dwarf-with-dsym";
				ENABLE_NS_ASSERTIONS = NO;
				ENABLE_STRICT_OBJC_MSGSEND = YES;
				GCC_C_LANGUAGE_STANDARD = gnu11;
				GCC_NO_COMMON_BLOCKS = YES;
				GCC_WARN_64_TO_32_BIT_CONVERSION = YES;
				GCC_WARN_ABOUT_RETURN_TYPE = YES_ERROR;
				GCC_WARN_UNDECLARED_SELECTOR = YES;
				GCC_WARN_UNINITIALIZED_AUTOS = YES_AGGRESSIVE;
				GCC_WARN_UNUSED_FUNCTION = YES;
				GCC_WARN_UNUSED_VARIABLE = YES;
				IPHONEOS_DEPLOYMENT_TARGET = 14.2;
				MTL_ENABLE_DEBUG_INFO = NO;
				MTL_FAST_MATH = YES;
				SDKROOT = iphoneos;
				SWIFT_COMPILATION_MODE = wholemodule;
				SWIFT_OPTIMIZATION_LEVEL = "-O";
				VALIDATE_PRODUCT = YES;
			};
			name = Release;
		};
		B066972E264956BD00977023 /* Debug */ = {
			isa = XCBuildConfiguration;
			baseConfigurationReference = 968D047F67AF460946596B1C /* Pods-SongDetailApp.debug.xcconfig */;
			buildSettings = {
				ASSETCATALOG_COMPILER_APPICON_NAME = AppIcon;
				ASSETCATALOG_COMPILER_GLOBAL_ACCENT_COLOR_NAME = AccentColor;
				CODE_SIGN_STYLE = Automatic;
				DEVELOPMENT_TEAM = LQM6RBYAX5;
				INFOPLIST_FILE = SongDetailApp/Info.plist;
				LD_RUNPATH_SEARCH_PATHS = (
					"$(inherited)",
					"@executable_path/Frameworks",
				);
				PRODUCT_BUNDLE_IDENTIFIER = com.harshy.SongDetailApp;
				PRODUCT_NAME = "$(TARGET_NAME)";
				SWIFT_VERSION = 5.0;
				TARGETED_DEVICE_FAMILY = "1,2";
			};
			name = Debug;
		};
		B066972F264956BD00977023 /* Release */ = {
			isa = XCBuildConfiguration;
			baseConfigurationReference = A91379F219B8B540271F36E6 /* Pods-SongDetailApp.release.xcconfig */;
			buildSettings = {
				ASSETCATALOG_COMPILER_APPICON_NAME = AppIcon;
				ASSETCATALOG_COMPILER_GLOBAL_ACCENT_COLOR_NAME = AccentColor;
				CODE_SIGN_STYLE = Automatic;
				DEVELOPMENT_TEAM = LQM6RBYAX5;
				INFOPLIST_FILE = SongDetailApp/Info.plist;
				LD_RUNPATH_SEARCH_PATHS = (
					"$(inherited)",
					"@executable_path/Frameworks",
				);
				PRODUCT_BUNDLE_IDENTIFIER = com.harshy.SongDetailApp;
				PRODUCT_NAME = "$(TARGET_NAME)";
				SWIFT_VERSION = 5.0;
				TARGETED_DEVICE_FAMILY = "1,2";
			};
			name = Release;
		};
/* End XCBuildConfiguration section */

/* Begin XCConfigurationList section */
		B0669711264956B800977023 /* Build configuration list for PBXProject "SongDetailApp" */ = {
			isa = XCConfigurationList;
			buildConfigurations = (
				B066972B264956BD00977023 /* Debug */,
				B066972C264956BD00977023 /* Release */,
			);
			defaultConfigurationIsVisible = 0;
			defaultConfigurationName = Release;
		};
		B066972D264956BD00977023 /* Build configuration list for PBXNativeTarget "SongDetailApp" */ = {
			isa = XCConfigurationList;
			buildConfigurations = (
				B066972E264956BD00977023 /* Debug */,
				B066972F264956BD00977023 /* Release */,
			);
			defaultConfigurationIsVisible = 0;
			defaultConfigurationName = Release;
		};
/* End XCConfigurationList section */

/* Begin XCVersionGroup section */
		B0669722264956B800977023 /* SongDetailApp.xcdatamodeld */ = {
			isa = XCVersionGroup;
			children = (
				B0669723264956B800977023 /* SongDetailApp.xcdatamodel */,
			);
			currentVersion = B0669723264956B800977023 /* SongDetailApp.xcdatamodel */;
			path = SongDetailApp.xcdatamodeld;
			sourceTree = "<group>";
			versionGroupType = wrapper.xcdatamodel;
		};
/* End XCVersionGroup section */
	};
	rootObject = B066970E264956B800977023 /* Project object */;
}
